// !$*UTF8*$!
{
	archiveVersion = 1;
	classes = {
	};
	objectVersion = 50;
	objects = {

/* Begin PBXBuildFile section */
		DA46E998231E64D000BFC06F /* AppDelegate.swift in Sources */ = {isa = PBXBuildFile; fileRef = DA46E997231E64D000BFC06F /* AppDelegate.swift */; };
		DA46E99A231E64D000BFC06F /* SceneDelegate.swift in Sources */ = {isa = PBXBuildFile; fileRef = DA46E999231E64D000BFC06F /* SceneDelegate.swift */; };
		DA46E99C231E64D000BFC06F /* LandmarkDetail.swift in Sources */ = {isa = PBXBuildFile; fileRef = DA46E99B231E64D000BFC06F /* LandmarkDetail.swift */; };
		DA46E99E231E64D300BFC06F /* Assets.xcassets in Resources */ = {isa = PBXBuildFile; fileRef = DA46E99D231E64D300BFC06F /* Assets.xcassets */; };
		DA46E9A1231E64D300BFC06F /* Preview Assets.xcassets in Resources */ = {isa = PBXBuildFile; fileRef = DA46E9A0231E64D300BFC06F /* Preview Assets.xcassets */; };
		DA46E9A4231E64D300BFC06F /* LaunchScreen.storyboard in Resources */ = {isa = PBXBuildFile; fileRef = DA46E9A2231E64D300BFC06F /* LaunchScreen.storyboard */; };
		DA46E9AF231E64D300BFC06F /* LandmarksTests.swift in Sources */ = {isa = PBXBuildFile; fileRef = DA46E9AE231E64D300BFC06F /* LandmarksTests.swift */; };
		DA46E9BA231E64D300BFC06F /* LandmarksUITests.swift in Sources */ = {isa = PBXBuildFile; fileRef = DA46E9B9231E64D300BFC06F /* LandmarksUITests.swift */; };
		DA46E9C8231E6CD600BFC06F /* CircleImage.swift in Sources */ = {isa = PBXBuildFile; fileRef = DA46E9C7231E6CD600BFC06F /* CircleImage.swift */; };
		DA46E9CA231E6E4300BFC06F /* MapView.swift in Sources */ = {isa = PBXBuildFile; fileRef = DA46E9C9231E6E4300BFC06F /* MapView.swift */; };
		DA46E9CD231E738A00BFC06F /* Landmark.swift in Sources */ = {isa = PBXBuildFile; fileRef = DA46E9CC231E738A00BFC06F /* Landmark.swift */; };
		DA46E9CF231E73B100BFC06F /* Data.swift in Sources */ = {isa = PBXBuildFile; fileRef = DA46E9CE231E73B100BFC06F /* Data.swift */; };
		DA46E9D2231E750B00BFC06F /* landmarkData.json in Resources */ = {isa = PBXBuildFile; fileRef = DA46E9D1231E750B00BFC06F /* landmarkData.json */; };
		DA46E9DF231E753000BFC06F /* turtlerock.jpg in Resources */ = {isa = PBXBuildFile; fileRef = DA46E9D3231E752F00BFC06F /* turtlerock.jpg */; };
		DA46E9E0231E753000BFC06F /* silversalmoncreek.jpg in Resources */ = {isa = PBXBuildFile; fileRef = DA46E9D4231E752F00BFC06F /* silversalmoncreek.jpg */; };
		DA46E9E1231E753000BFC06F /* chilkoottrail.jpg in Resources */ = {isa = PBXBuildFile; fileRef = DA46E9D5231E752F00BFC06F /* chilkoottrail.jpg */; };
		DA46E9E2231E753000BFC06F /* lakemcdonald.jpg in Resources */ = {isa = PBXBuildFile; fileRef = DA46E9D6231E753000BFC06F /* lakemcdonald.jpg */; };
		DA46E9E3231E753000BFC06F /* chincoteague.jpg in Resources */ = {isa = PBXBuildFile; fileRef = DA46E9D7231E753000BFC06F /* chincoteague.jpg */; };
		DA46E9E4231E753000BFC06F /* twinlake.jpg in Resources */ = {isa = PBXBuildFile; fileRef = DA46E9D8231E753000BFC06F /* twinlake.jpg */; };
		DA46E9E5231E753000BFC06F /* rainbowlake.jpg in Resources */ = {isa = PBXBuildFile; fileRef = DA46E9D9231E753000BFC06F /* rainbowlake.jpg */; };
		DA46E9E6231E753000BFC06F /* umbagog.jpg in Resources */ = {isa = PBXBuildFile; fileRef = DA46E9DA231E753000BFC06F /* umbagog.jpg */; };
		DA46E9E7231E753000BFC06F /* yukon_charleyrivers.jpg in Resources */ = {isa = PBXBuildFile; fileRef = DA46E9DB231E753000BFC06F /* yukon_charleyrivers.jpg */; };
		DA46E9E8231E753000BFC06F /* icybay.jpg in Resources */ = {isa = PBXBuildFile; fileRef = DA46E9DC231E753000BFC06F /* icybay.jpg */; };
		DA46E9E9231E753000BFC06F /* hiddenlake.jpg in Resources */ = {isa = PBXBuildFile; fileRef = DA46E9DD231E753000BFC06F /* hiddenlake.jpg */; };
		DA46E9EA231E753000BFC06F /* stmarylake.jpg in Resources */ = {isa = PBXBuildFile; fileRef = DA46E9DE231E753000BFC06F /* stmarylake.jpg */; };
		DA46E9EC231E765400BFC06F /* LandmarkRow.swift in Sources */ = {isa = PBXBuildFile; fileRef = DA46E9EB231E765400BFC06F /* LandmarkRow.swift */; };
		DA46E9EE231E785100BFC06F /* LandmarkList.swift in Sources */ = {isa = PBXBuildFile; fileRef = DA46E9ED231E785100BFC06F /* LandmarkList.swift */; };
/* End PBXBuildFile section */

/* Begin PBXContainerItemProxy section */
		DA46E9AB231E64D300BFC06F /* PBXContainerItemProxy */ = {
			isa = PBXContainerItemProxy;
			containerPortal = DA46E98C231E64D000BFC06F /* Project object */;
			proxyType = 1;
			remoteGlobalIDString = DA46E993231E64D000BFC06F;
			remoteInfo = Landmarks;
		};
		DA46E9B6231E64D300BFC06F /* PBXContainerItemProxy */ = {
			isa = PBXContainerItemProxy;
			containerPortal = DA46E98C231E64D000BFC06F /* Project object */;
			proxyType = 1;
			remoteGlobalIDString = DA46E993231E64D000BFC06F;
			remoteInfo = Landmarks;
		};
/* End PBXContainerItemProxy section */

/* Begin PBXFileReference section */
		DA46E994231E64D000BFC06F /* Landmarks.app */ = {isa = PBXFileReference; explicitFileType = wrapper.application; includeInIndex = 0; path = Landmarks.app; sourceTree = BUILT_PRODUCTS_DIR; };
		DA46E997231E64D000BFC06F /* AppDelegate.swift */ = {isa = PBXFileReference; lastKnownFileType = sourcecode.swift; path = AppDelegate.swift; sourceTree = "<group>"; };
		DA46E999231E64D000BFC06F /* SceneDelegate.swift */ = {isa = PBXFileReference; lastKnownFileType = sourcecode.swift; path = SceneDelegate.swift; sourceTree = "<group>"; };
		DA46E99B231E64D000BFC06F /* LandmarkDetail.swift */ = {isa = PBXFileReference; lastKnownFileType = sourcecode.swift; path = LandmarkDetail.swift; sourceTree = "<group>"; };
		DA46E99D231E64D300BFC06F /* Assets.xcassets */ = {isa = PBXFileReference; lastKnownFileType = folder.assetcatalog; path = Assets.xcassets; sourceTree = "<group>"; };
		DA46E9A0231E64D300BFC06F /* Preview Assets.xcassets */ = {isa = PBXFileReference; lastKnownFileType = folder.assetcatalog; path = "Preview Assets.xcassets"; sourceTree = "<group>"; };
		DA46E9A3231E64D300BFC06F /* Base */ = {isa = PBXFileReference; lastKnownFileType = file.storyboard; name = Base; path = Base.lproj/LaunchScreen.storyboard; sourceTree = "<group>"; };
		DA46E9A5231E64D300BFC06F /* Info.plist */ = {isa = PBXFileReference; lastKnownFileType = text.plist.xml; path = Info.plist; sourceTree = "<group>"; };
		DA46E9AA231E64D300BFC06F /* LandmarksTests.xctest */ = {isa = PBXFileReference; explicitFileType = wrapper.cfbundle; includeInIndex = 0; path = LandmarksTests.xctest; sourceTree = BUILT_PRODUCTS_DIR; };
		DA46E9AE231E64D300BFC06F /* LandmarksTests.swift */ = {isa = PBXFileReference; lastKnownFileType = sourcecode.swift; path = LandmarksTests.swift; sourceTree = "<group>"; };
		DA46E9B0231E64D300BFC06F /* Info.plist */ = {isa = PBXFileReference; lastKnownFileType = text.plist.xml; path = Info.plist; sourceTree = "<group>"; };
		DA46E9B5231E64D300BFC06F /* LandmarksUITests.xctest */ = {isa = PBXFileReference; explicitFileType = wrapper.cfbundle; includeInIndex = 0; path = LandmarksUITests.xctest; sourceTree = BUILT_PRODUCTS_DIR; };
		DA46E9B9231E64D300BFC06F /* LandmarksUITests.swift */ = {isa = PBXFileReference; lastKnownFileType = sourcecode.swift; path = LandmarksUITests.swift; sourceTree = "<group>"; };
		DA46E9BB231E64D300BFC06F /* Info.plist */ = {isa = PBXFileReference; lastKnownFileType = text.plist.xml; path = Info.plist; sourceTree = "<group>"; };
		DA46E9C7231E6CD600BFC06F /* CircleImage.swift */ = {isa = PBXFileReference; lastKnownFileType = sourcecode.swift; path = CircleImage.swift; sourceTree = "<group>"; };
		DA46E9C9231E6E4300BFC06F /* MapView.swift */ = {isa = PBXFileReference; lastKnownFileType = sourcecode.swift; path = MapView.swift; sourceTree = "<group>"; };
		DA46E9CC231E738A00BFC06F /* Landmark.swift */ = {isa = PBXFileReference; lastKnownFileType = sourcecode.swift; path = Landmark.swift; sourceTree = "<group>"; };
		DA46E9CE231E73B100BFC06F /* Data.swift */ = {isa = PBXFileReference; lastKnownFileType = sourcecode.swift; path = Data.swift; sourceTree = "<group>"; };
		DA46E9D1231E750B00BFC06F /* landmarkData.json */ = {isa = PBXFileReference; fileEncoding = 4; lastKnownFileType = text.json; path = landmarkData.json; sourceTree = "<group>"; };
		DA46E9D3231E752F00BFC06F /* turtlerock.jpg */ = {isa = PBXFileReference; lastKnownFileType = image.jpeg; path = turtlerock.jpg; sourceTree = "<group>"; };
		DA46E9D4231E752F00BFC06F /* silversalmoncreek.jpg */ = {isa = PBXFileReference; lastKnownFileType = image.jpeg; path = silversalmoncreek.jpg; sourceTree = "<group>"; };
		DA46E9D5231E752F00BFC06F /* chilkoottrail.jpg */ = {isa = PBXFileReference; lastKnownFileType = image.jpeg; path = chilkoottrail.jpg; sourceTree = "<group>"; };
		DA46E9D6231E753000BFC06F /* lakemcdonald.jpg */ = {isa = PBXFileReference; lastKnownFileType = image.jpeg; path = lakemcdonald.jpg; sourceTree = "<group>"; };
		DA46E9D7231E753000BFC06F /* chincoteague.jpg */ = {isa = PBXFileReference; lastKnownFileType = image.jpeg; path = chincoteague.jpg; sourceTree = "<group>"; };
		DA46E9D8231E753000BFC06F /* twinlake.jpg */ = {isa = PBXFileReference; lastKnownFileType = image.jpeg; path = twinlake.jpg; sourceTree = "<group>"; };
		DA46E9D9231E753000BFC06F /* rainbowlake.jpg */ = {isa = PBXFileReference; lastKnownFileType = image.jpeg; path = rainbowlake.jpg; sourceTree = "<group>"; };
		DA46E9DA231E753000BFC06F /* umbagog.jpg */ = {isa = PBXFileReference; lastKnownFileType = image.jpeg; path = umbagog.jpg; sourceTree = "<group>"; };
		DA46E9DB231E753000BFC06F /* yukon_charleyrivers.jpg */ = {isa = PBXFileReference; lastKnownFileType = image.jpeg; path = yukon_charleyrivers.jpg; sourceTree = "<group>"; };
		DA46E9DC231E753000BFC06F /* icybay.jpg */ = {isa = PBXFileReference; lastKnownFileType = image.jpeg; path = icybay.jpg; sourceTree = "<group>"; };
		DA46E9DD231E753000BFC06F /* hiddenlake.jpg */ = {isa = PBXFileReference; lastKnownFileType = image.jpeg; path = hiddenlake.jpg; sourceTree = "<group>"; };
		DA46E9DE231E753000BFC06F /* stmarylake.jpg */ = {isa = PBXFileReference; lastKnownFileType = image.jpeg; path = stmarylake.jpg; sourceTree = "<group>"; };
		DA46E9EB231E765400BFC06F /* LandmarkRow.swift */ = {isa = PBXFileReference; lastKnownFileType = sourcecode.swift; path = LandmarkRow.swift; sourceTree = "<group>"; };
		DA46E9ED231E785100BFC06F /* LandmarkList.swift */ = {isa = PBXFileReference; lastKnownFileType = sourcecode.swift; path = LandmarkList.swift; sourceTree = "<group>"; };
/* End PBXFileReference section */

/* Begin PBXFrameworksBuildPhase section */
		DA46E991231E64D000BFC06F /* Frameworks */ = {
			isa = PBXFrameworksBuildPhase;
			buildActionMask = 2147483647;
			files = (
			);
			runOnlyForDeploymentPostprocessing = 0;
		};
		DA46E9A7231E64D300BFC06F /* Frameworks */ = {
			isa = PBXFrameworksBuildPhase;
			buildActionMask = 2147483647;
			files = (
			);
			runOnlyForDeploymentPostprocessing = 0;
		};
		DA46E9B2231E64D300BFC06F /* Frameworks */ = {
			isa = PBXFrameworksBuildPhase;
			buildActionMask = 2147483647;
			files = (
			);
			runOnlyForDeploymentPostprocessing = 0;
		};
/* End PBXFrameworksBuildPhase section */

/* Begin PBXGroup section */
		DA46E98B231E64D000BFC06F = {
			isa = PBXGroup;
			children = (
				DA46E996231E64D000BFC06F /* Landmarks */,
				DA46E9AD231E64D300BFC06F /* LandmarksTests */,
				DA46E9B8231E64D300BFC06F /* LandmarksUITests */,
				DA46E995231E64D000BFC06F /* Products */,
			);
			sourceTree = "<group>";
		};
		DA46E995231E64D000BFC06F /* Products */ = {
			isa = PBXGroup;
			children = (
				DA46E994231E64D000BFC06F /* Landmarks.app */,
				DA46E9AA231E64D300BFC06F /* LandmarksTests.xctest */,
				DA46E9B5231E64D300BFC06F /* LandmarksUITests.xctest */,
			);
			name = Products;
			sourceTree = "<group>";
		};
		DA46E996231E64D000BFC06F /* Landmarks */ = {
			isa = PBXGroup;
			children = (
				DA46E9D0231E74CF00BFC06F /* Resources */,
				DA46E9CB231E737500BFC06F /* Models */,
				DA46E997231E64D000BFC06F /* AppDelegate.swift */,
				DA46E9F0231E7ABF00BFC06F /* Supporting Views */,
				DA46E999231E64D000BFC06F /* SceneDelegate.swift */,
				DA46E99B231E64D000BFC06F /* LandmarkDetail.swift */,
				DA46E9ED231E785100BFC06F /* LandmarkList.swift */,
				DA46E9EB231E765400BFC06F /* LandmarkRow.swift */,
				DA46E99D231E64D300BFC06F /* Assets.xcassets */,
				DA46E9A2231E64D300BFC06F /* LaunchScreen.storyboard */,
				DA46E9A5231E64D300BFC06F /* Info.plist */,
				DA46E99F231E64D300BFC06F /* Preview Content */,
			);
			path = Landmarks;
			sourceTree = "<group>";
		};
		DA46E99F231E64D300BFC06F /* Preview Content */ = {
			isa = PBXGroup;
			children = (
				DA46E9A0231E64D300BFC06F /* Preview Assets.xcassets */,
			);
			path = "Preview Content";
			sourceTree = "<group>";
		};
		DA46E9AD231E64D300BFC06F /* LandmarksTests */ = {
			isa = PBXGroup;
			children = (
				DA46E9AE231E64D300BFC06F /* LandmarksTests.swift */,
				DA46E9B0231E64D300BFC06F /* Info.plist */,
			);
			path = LandmarksTests;
			sourceTree = "<group>";
		};
		DA46E9B8231E64D300BFC06F /* LandmarksUITests */ = {
			isa = PBXGroup;
			children = (
				DA46E9B9231E64D300BFC06F /* LandmarksUITests.swift */,
				DA46E9BB231E64D300BFC06F /* Info.plist */,
			);
			path = LandmarksUITests;
			sourceTree = "<group>";
		};
		DA46E9CB231E737500BFC06F /* Models */ = {
			isa = PBXGroup;
			children = (
				DA46E9CC231E738A00BFC06F /* Landmark.swift */,
				DA46E9CE231E73B100BFC06F /* Data.swift */,
			);
			path = Models;
			sourceTree = "<group>";
		};
		DA46E9D0231E74CF00BFC06F /* Resources */ = {
			isa = PBXGroup;
			children = (
				DA46E9D5231E752F00BFC06F /* chilkoottrail.jpg */,
				DA46E9D7231E753000BFC06F /* chincoteague.jpg */,
				DA46E9DD231E753000BFC06F /* hiddenlake.jpg */,
				DA46E9DC231E753000BFC06F /* icybay.jpg */,
				DA46E9D6231E753000BFC06F /* lakemcdonald.jpg */,
				DA46E9D9231E753000BFC06F /* rainbowlake.jpg */,
				DA46E9D4231E752F00BFC06F /* silversalmoncreek.jpg */,
				DA46E9DE231E753000BFC06F /* stmarylake.jpg */,
				DA46E9D3231E752F00BFC06F /* turtlerock.jpg */,
				DA46E9D8231E753000BFC06F /* twinlake.jpg */,
				DA46E9DA231E753000BFC06F /* umbagog.jpg */,
				DA46E9DB231E753000BFC06F /* yukon_charleyrivers.jpg */,
				DA46E9D1231E750B00BFC06F /* landmarkData.json */,
			);
			path = Resources;
			sourceTree = "<group>";
		};
		DA46E9F0231E7ABF00BFC06F /* Supporting Views */ = {
			isa = PBXGroup;
			children = (
				DA46E9C9231E6E4300BFC06F /* MapView.swift */,
				DA46E9C7231E6CD600BFC06F /* CircleImage.swift */,
			);
			path = "Supporting Views";
			sourceTree = "<group>";
		};
/* End PBXGroup section */

/* Begin PBXNativeTarget section */
		DA46E993231E64D000BFC06F /* Landmarks */ = {
			isa = PBXNativeTarget;
			buildConfigurationList = DA46E9BE231E64D300BFC06F /* Build configuration list for PBXNativeTarget "Landmarks" */;
			buildPhases = (
				DA46E990231E64D000BFC06F /* Sources */,
				DA46E991231E64D000BFC06F /* Frameworks */,
				DA46E992231E64D000BFC06F /* Resources */,
			);
			buildRules = (
			);
			dependencies = (
			);
			name = Landmarks;
			productName = Landmarks;
			productReference = DA46E994231E64D000BFC06F /* Landmarks.app */;
			productType = "com.apple.product-type.application";
		};
		DA46E9A9231E64D300BFC06F /* LandmarksTests */ = {
			isa = PBXNativeTarget;
			buildConfigurationList = DA46E9C1231E64D300BFC06F /* Build configuration list for PBXNativeTarget "LandmarksTests" */;
			buildPhases = (
				DA46E9A6231E64D300BFC06F /* Sources */,
				DA46E9A7231E64D300BFC06F /* Frameworks */,
				DA46E9A8231E64D300BFC06F /* Resources */,
			);
			buildRules = (
			);
			dependencies = (
				DA46E9AC231E64D300BFC06F /* PBXTargetDependency */,
			);
			name = LandmarksTests;
			productName = LandmarksTests;
			productReference = DA46E9AA231E64D300BFC06F /* LandmarksTests.xctest */;
			productType = "com.apple.product-type.bundle.unit-test";
		};
		DA46E9B4231E64D300BFC06F /* LandmarksUITests */ = {
			isa = PBXNativeTarget;
			buildConfigurationList = DA46E9C4231E64D300BFC06F /* Build configuration list for PBXNativeTarget "LandmarksUITests" */;
			buildPhases = (
				DA46E9B1231E64D300BFC06F /* Sources */,
				DA46E9B2231E64D300BFC06F /* Frameworks */,
				DA46E9B3231E64D300BFC06F /* Resources */,
			);
			buildRules = (
			);
			dependencies = (
				DA46E9B7231E64D300BFC06F /* PBXTargetDependency */,
			);
			name = LandmarksUITests;
			productName = LandmarksUITests;
			productReference = DA46E9B5231E64D300BFC06F /* LandmarksUITests.xctest */;
			productType = "com.apple.product-type.bundle.ui-testing";
		};
/* End PBXNativeTarget section */

/* Begin PBXProject section */
		DA46E98C231E64D000BFC06F /* Project object */ = {
			isa = PBXProject;
			attributes = {
				LastSwiftUpdateCheck = 1100;
				LastUpgradeCheck = 1100;
				ORGANIZATIONNAME = "Adya Naufal Fikri";
				TargetAttributes = {
					DA46E993231E64D000BFC06F = {
						CreatedOnToolsVersion = 11.0;
					};
					DA46E9A9231E64D300BFC06F = {
						CreatedOnToolsVersion = 11.0;
						TestTargetID = DA46E993231E64D000BFC06F;
					};
					DA46E9B4231E64D300BFC06F = {
						CreatedOnToolsVersion = 11.0;
						TestTargetID = DA46E993231E64D000BFC06F;
					};
				};
			};
			buildConfigurationList = DA46E98F231E64D000BFC06F /* Build configuration list for PBXProject "Landmarks" */;
			compatibilityVersion = "Xcode 9.3";
			developmentRegion = en;
			hasScannedForEncodings = 0;
			knownRegions = (
				en,
				Base,
			);
			mainGroup = DA46E98B231E64D000BFC06F;
			productRefGroup = DA46E995231E64D000BFC06F /* Products */;
			projectDirPath = "";
			projectRoot = "";
			targets = (
				DA46E993231E64D000BFC06F /* Landmarks */,
				DA46E9A9231E64D300BFC06F /* LandmarksTests */,
				DA46E9B4231E64D300BFC06F /* LandmarksUITests */,
			);
		};
/* End PBXProject section */

/* Begin PBXResourcesBuildPhase section */
		DA46E992231E64D000BFC06F /* Resources */ = {
			isa = PBXResourcesBuildPhase;
			buildActionMask = 2147483647;
			files = (
				DA46E9E6231E753000BFC06F /* umbagog.jpg in Resources */,
				DA46E9E5231E753000BFC06F /* rainbowlake.jpg in Resources */,
				DA46E9A4231E64D300BFC06F /* LaunchScreen.storyboard in Resources */,
				DA46E9D2231E750B00BFC06F /* landmarkData.json in Resources */,
				DA46E9E1231E753000BFC06F /* chilkoottrail.jpg in Resources */,
				DA46E9E3231E753000BFC06F /* chincoteague.jpg in Resources */,
				DA46E9A1231E64D300BFC06F /* Preview Assets.xcassets in Resources */,
				DA46E9E0231E753000BFC06F /* silversalmoncreek.jpg in Resources */,
				DA46E9E4231E753000BFC06F /* twinlake.jpg in Resources */,
				DA46E99E231E64D300BFC06F /* Assets.xcassets in Resources */,
				DA46E9EA231E753000BFC06F /* stmarylake.jpg in Resources */,
				DA46E9E2231E753000BFC06F /* lakemcdonald.jpg in Resources */,
				DA46E9DF231E753000BFC06F /* turtlerock.jpg in Resources */,
				DA46E9E8231E753000BFC06F /* icybay.jpg in Resources */,
				DA46E9E9231E753000BFC06F /* hiddenlake.jpg in Resources */,
				DA46E9E7231E753000BFC06F /* yukon_charleyrivers.jpg in Resources */,
			);
			runOnlyForDeploymentPostprocessing = 0;
		};
		DA46E9A8231E64D300BFC06F /* Resources */ = {
			isa = PBXResourcesBuildPhase;
			buildActionMask = 2147483647;
			files = (
			);
			runOnlyForDeploymentPostprocessing = 0;
		};
		DA46E9B3231E64D300BFC06F /* Resources */ = {
			isa = PBXResourcesBuildPhase;
			buildActionMask = 2147483647;
			files = (
			);
			runOnlyForDeploymentPostprocessing = 0;
		};
/* End PBXResourcesBuildPhase section */

/* Begin PBXSourcesBuildPhase section */
		DA46E990231E64D000BFC06F /* Sources */ = {
			isa = PBXSourcesBuildPhase;
			buildActionMask = 2147483647;
			files = (
				DA46E9CF231E73B100BFC06F /* Data.swift in Sources */,
				DA46E998231E64D000BFC06F /* AppDelegate.swift in Sources */,
				DA46E9C8231E6CD600BFC06F /* CircleImage.swift in Sources */,
				DA46E9CA231E6E4300BFC06F /* MapView.swift in Sources */,
				DA46E9EE231E785100BFC06F /* LandmarkList.swift in Sources */,
				DA46E99A231E64D000BFC06F /* SceneDelegate.swift in Sources */,
				DA46E99C231E64D000BFC06F /* LandmarkDetail.swift in Sources */,
				DA46E9EC231E765400BFC06F /* LandmarkRow.swift in Sources */,
				DA46E9CD231E738A00BFC06F /* Landmark.swift in Sources */,
			);
			runOnlyForDeploymentPostprocessing = 0;
		};
		DA46E9A6231E64D300BFC06F /* Sources */ = {
			isa = PBXSourcesBuildPhase;
			buildActionMask = 2147483647;
			files = (
				DA46E9AF231E64D300BFC06F /* LandmarksTests.swift in Sources */,
			);
			runOnlyForDeploymentPostprocessing = 0;
		};
		DA46E9B1231E64D300BFC06F /* Sources */ = {
			isa = PBXSourcesBuildPhase;
			buildActionMask = 2147483647;
			files = (
				DA46E9BA231E64D300BFC06F /* LandmarksUITests.swift in Sources */,
			);
			runOnlyForDeploymentPostprocessing = 0;
		};
/* End PBXSourcesBuildPhase section */

/* Begin PBXTargetDependency section */
		DA46E9AC231E64D300BFC06F /* PBXTargetDependency */ = {
			isa = PBXTargetDependency;
			target = DA46E993231E64D000BFC06F /* Landmarks */;
			targetProxy = DA46E9AB231E64D300BFC06F /* PBXContainerItemProxy */;
		};
		DA46E9B7231E64D300BFC06F /* PBXTargetDependency */ = {
			isa = PBXTargetDependency;
			target = DA46E993231E64D000BFC06F /* Landmarks */;
			targetProxy = DA46E9B6231E64D300BFC06F /* PBXContainerItemProxy */;
		};
/* End PBXTargetDependency section */

/* Begin PBXVariantGroup section */
		DA46E9A2231E64D300BFC06F /* LaunchScreen.storyboard */ = {
			isa = PBXVariantGroup;
			children = (
				DA46E9A3231E64D300BFC06F /* Base */,
			);
			name = LaunchScreen.storyboard;
			sourceTree = "<group>";
		};
/* End PBXVariantGroup section */

/* Begin XCBuildConfiguration section */
		DA46E9BC231E64D300BFC06F /* Debug */ = {
			isa = XCBuildConfiguration;
			buildSettings = {
				ALWAYS_SEARCH_USER_PATHS = NO;
				CLANG_ANALYZER_NONNULL = YES;
				CLANG_ANALYZER_NUMBER_OBJECT_CONVERSION = YES_AGGRESSIVE;
				CLANG_CXX_LANGUAGE_STANDARD = "gnu++14";
				CLANG_CXX_LIBRARY = "libc++";
				CLANG_ENABLE_MODULES = YES;
				CLANG_ENABLE_OBJC_ARC = YES;
				CLANG_ENABLE_OBJC_WEAK = YES;
				CLANG_WARN_BLOCK_CAPTURE_AUTORELEASING = YES;
				CLANG_WARN_BOOL_CONVERSION = YES;
				CLANG_WARN_COMMA = YES;
				CLANG_WARN_CONSTANT_CONVERSION = YES;
				CLANG_WARN_DEPRECATED_OBJC_IMPLEMENTATIONS = YES;
				CLANG_WARN_DIRECT_OBJC_ISA_USAGE = YES_ERROR;
				CLANG_WARN_DOCUMENTATION_COMMENTS = YES;
				CLANG_WARN_EMPTY_BODY = YES;
				CLANG_WARN_ENUM_CONVERSION = YES;
				CLANG_WARN_INFINITE_RECURSION = YES;
				CLANG_WARN_INT_CONVERSION = YES;
				CLANG_WARN_NON_LITERAL_NULL_CONVERSION = YES;
				CLANG_WARN_OBJC_IMPLICIT_RETAIN_SELF = YES;
				CLANG_WARN_OBJC_LITERAL_CONVERSION = YES;
				CLANG_WARN_OBJC_ROOT_CLASS = YES_ERROR;
				CLANG_WARN_RANGE_LOOP_ANALYSIS = YES;
				CLANG_WARN_STRICT_PROTOTYPES = YES;
				CLANG_WARN_SUSPICIOUS_MOVE = YES;
				CLANG_WARN_UNGUARDED_AVAILABILITY = YES_AGGRESSIVE;
				CLANG_WARN_UNREACHABLE_CODE = YES;
				CLANG_WARN__DUPLICATE_METHOD_MATCH = YES;
				COPY_PHASE_STRIP = NO;
				DEBUG_INFORMATION_FORMAT = dwarf;
				ENABLE_STRICT_OBJC_MSGSEND = YES;
				ENABLE_TESTABILITY = YES;
				GCC_C_LANGUAGE_STANDARD = gnu11;
				GCC_DYNAMIC_NO_PIC = NO;
				GCC_NO_COMMON_BLOCKS = YES;
				GCC_OPTIMIZATION_LEVEL = 0;
				GCC_PREPROCESSOR_DEFINITIONS = (
					"DEBUG=1",
					"$(inherited)",
				);
				GCC_WARN_64_TO_32_BIT_CONVERSION = YES;
				GCC_WARN_ABOUT_RETURN_TYPE = YES_ERROR;
				GCC_WARN_UNDECLARED_SELECTOR = YES;
				GCC_WARN_UNINITIALIZED_AUTOS = YES_AGGRESSIVE;
				GCC_WARN_UNUSED_FUNCTION = YES;
				GCC_WARN_UNUSED_VARIABLE = YES;
				IPHONEOS_DEPLOYMENT_TARGET = 13.0;
				MTL_ENABLE_DEBUG_INFO = INCLUDE_SOURCE;
				MTL_FAST_MATH = YES;
				ONLY_ACTIVE_ARCH = YES;
				SDKROOT = iphoneos;
				SWIFT_ACTIVE_COMPILATION_CONDITIONS = DEBUG;
				SWIFT_OPTIMIZATION_LEVEL = "-Onone";
			};
			name = Debug;
		};
		DA46E9BD231E64D300BFC06F /* Release */ = {
			isa = XCBuildConfiguration;
			buildSettings = {
				ALWAYS_SEARCH_USER_PATHS = NO;
				CLANG_ANALYZER_NONNULL = YES;
				CLANG_ANALYZER_NUMBER_OBJECT_CONVERSION = YES_AGGRESSIVE;
				CLANG_CXX_LANGUAGE_STANDARD = "gnu++14";
				CLANG_CXX_LIBRARY = "libc++";
				CLANG_ENABLE_MODULES = YES;
				CLANG_ENABLE_OBJC_ARC = YES;
				CLANG_ENABLE_OBJC_WEAK = YES;
				CLANG_WARN_BLOCK_CAPTURE_AUTORELEASING = YES;
				CLANG_WARN_BOOL_CONVERSION = YES;
				CLANG_WARN_COMMA = YES;
				CLANG_WARN_CONSTANT_CONVERSION = YES;
				CLANG_WARN_DEPRECATED_OBJC_IMPLEMENTATIONS = YES;
				CLANG_WARN_DIRECT_OBJC_ISA_USAGE = YES_ERROR;
				CLANG_WARN_DOCUMENTATION_COMMENTS = YES;
				CLANG_WARN_EMPTY_BODY = YES;
				CLANG_WARN_ENUM_CONVERSION = YES;
				CLANG_WARN_INFINITE_RECURSION = YES;
				CLANG_WARN_INT_CONVERSION = YES;
				CLANG_WARN_NON_LITERAL_NULL_CONVERSION = YES;
				CLANG_WARN_OBJC_IMPLICIT_RETAIN_SELF = YES;
				CLANG_WARN_OBJC_LITERAL_CONVERSION = YES;
				CLANG_WARN_OBJC_ROOT_CLASS = YES_ERROR;
				CLANG_WARN_RANGE_LOOP_ANALYSIS = YES;
				CLANG_WARN_STRICT_PROTOTYPES = YES;
				CLANG_WARN_SUSPICIOUS_MOVE = YES;
				CLANG_WARN_UNGUARDED_AVAILABILITY = YES_AGGRESSIVE;
				CLANG_WARN_UNREACHABLE_CODE = YES;
				CLANG_WARN__DUPLICATE_METHOD_MATCH = YES;
				COPY_PHASE_STRIP = NO;
				DEBUG_INFORMATION_FORMAT = "dwarf-with-dsym";
				ENABLE_NS_ASSERTIONS = NO;
				ENABLE_STRICT_OBJC_MSGSEND = YES;
				GCC_C_LANGUAGE_STANDARD = gnu11;
				GCC_NO_COMMON_BLOCKS = YES;
				GCC_WARN_64_TO_32_BIT_CONVERSION = YES;
				GCC_WARN_ABOUT_RETURN_TYPE = YES_ERROR;
				GCC_WARN_UNDECLARED_SELECTOR = YES;
				GCC_WARN_UNINITIALIZED_AUTOS = YES_AGGRESSIVE;
				GCC_WARN_UNUSED_FUNCTION = YES;
				GCC_WARN_UNUSED_VARIABLE = YES;
				IPHONEOS_DEPLOYMENT_TARGET = 13.0;
				MTL_ENABLE_DEBUG_INFO = NO;
				MTL_FAST_MATH = YES;
				SDKROOT = iphoneos;
				SWIFT_COMPILATION_MODE = wholemodule;
				SWIFT_OPTIMIZATION_LEVEL = "-O";
				VALIDATE_PRODUCT = YES;
			};
			name = Release;
		};
		DA46E9BF231E64D300BFC06F /* Debug */ = {
			isa = XCBuildConfiguration;
			buildSettings = {
				ASSETCATALOG_COMPILER_APPICON_NAME = AppIcon;
				CODE_SIGN_STYLE = Automatic;
				DEVELOPMENT_ASSET_PATHS = "\"Landmarks/Preview Content\"";
				ENABLE_PREVIEWS = YES;
				INFOPLIST_FILE = Landmarks/Info.plist;
				LD_RUNPATH_SEARCH_PATHS = (
					"$(inherited)",
					"@executable_path/Frameworks",
				);
				PRODUCT_BUNDLE_IDENTIFIER = com.adyanf.Landmarks;
				PRODUCT_NAME = "$(TARGET_NAME)";
				SWIFT_VERSION = 5.0;
				TARGETED_DEVICE_FAMILY = "1,2";
			};
			name = Debug;
		};
		DA46E9C0231E64D300BFC06F /* Release */ = {
			isa = XCBuildConfiguration;
			buildSettings = {
				ASSETCATALOG_COMPILER_APPICON_NAME = AppIcon;
				CODE_SIGN_STYLE = Automatic;
				DEVELOPMENT_ASSET_PATHS = "\"Landmarks/Preview Content\"";
				ENABLE_PREVIEWS = YES;
				INFOPLIST_FILE = Landmarks/Info.plist;
				LD_RUNPATH_SEARCH_PATHS = (
					"$(inherited)",
					"@executable_path/Frameworks",
				);
				PRODUCT_BUNDLE_IDENTIFIER = com.adyanf.Landmarks;
				PRODUCT_NAME = "$(TARGET_NAME)";
				SWIFT_VERSION = 5.0;
				TARGETED_DEVICE_FAMILY = "1,2";
			};
			name = Release;
		};
		DA46E9C2231E64D300BFC06F /* Debug */ = {
			isa = XCBuildConfiguration;
			buildSettings = {
				ALWAYS_EMBED_SWIFT_STANDARD_LIBRARIES = YES;
				BUNDLE_LOADER = "$(TEST_HOST)";
				CODE_SIGN_STYLE = Automatic;
				INFOPLIST_FILE = LandmarksTests/Info.plist;
				IPHONEOS_DEPLOYMENT_TARGET = 13.0;
				LD_RUNPATH_SEARCH_PATHS = (
					"$(inherited)",
					"@executable_path/Frameworks",
					"@loader_path/Frameworks",
				);
				PRODUCT_BUNDLE_IDENTIFIER = com.adyanf.LandmarksTests;
				PRODUCT_NAME = "$(TARGET_NAME)";
				SWIFT_VERSION = 5.0;
				TARGETED_DEVICE_FAMILY = "1,2";
				TEST_HOST = "$(BUILT_PRODUCTS_DIR)/Landmarks.app/Landmarks";
			};
			name = Debug;
		};
		DA46E9C3231E64D300BFC06F /* Release */ = {
			isa = XCBuildConfiguration;
			buildSettings = {
				ALWAYS_EMBED_SWIFT_STANDARD_LIBRARIES = YES;
				BUNDLE_LOADER = "$(TEST_HOST)";
				CODE_SIGN_STYLE = Automatic;
				INFOPLIST_FILE = LandmarksTests/Info.plist;
				IPHONEOS_DEPLOYMENT_TARGET = 13.0;
				LD_RUNPATH_SEARCH_PATHS = (
					"$(inherited)",
					"@executable_path/Frameworks",
					"@loader_path/Frameworks",
				);
				PRODUCT_BUNDLE_IDENTIFIER = com.adyanf.LandmarksTests;
				PRODUCT_NAME = "$(TARGET_NAME)";
				SWIFT_VERSION = 5.0;
				TARGETED_DEVICE_FAMILY = "1,2";
				TEST_HOST = "$(BUILT_PRODUCTS_DIR)/Landmarks.app/Landmarks";
			};
			name = Release;
		};
		DA46E9C5231E64D300BFC06F /* Debug */ = {
			isa = XCBuildConfiguration;
			buildSettings = {
				ALWAYS_EMBED_SWIFT_STANDARD_LIBRARIES = YES;
				CODE_SIGN_STYLE = Automatic;
				INFOPLIST_FILE = LandmarksUITests/Info.plist;
				LD_RUNPATH_SEARCH_PATHS = (
					"$(inherited)",
					"@executable_path/Frameworks",
					"@loader_path/Frameworks",
				);
				PRODUCT_BUNDLE_IDENTIFIER = com.adyanf.LandmarksUITests;
				PRODUCT_NAME = "$(TARGET_NAME)";
				SWIFT_VERSION = 5.0;
				TARGETED_DEVICE_FAMILY = "1,2";
				TEST_TARGET_NAME = Landmarks;
			};
			name = Debug;
		};
		DA46E9C6231E64D300BFC06F /* Release */ = {
			isa = XCBuildConfiguration;
			buildSettings = {
				ALWAYS_EMBED_SWIFT_STANDARD_LIBRARIES = YES;
				CODE_SIGN_STYLE = Automatic;
				INFOPLIST_FILE = LandmarksUITests/Info.plist;
				LD_RUNPATH_SEARCH_PATHS = (
					"$(inherited)",
					"@executable_path/Frameworks",
					"@loader_path/Frameworks",
				);
				PRODUCT_BUNDLE_IDENTIFIER = com.adyanf.LandmarksUITests;
				PRODUCT_NAME = "$(TARGET_NAME)";
				SWIFT_VERSION = 5.0;
				TARGETED_DEVICE_FAMILY = "1,2";
				TEST_TARGET_NAME = Landmarks;
			};
			name = Release;
		};
/* End XCBuildConfiguration section */

/* Begin XCConfigurationList section */
		DA46E98F231E64D000BFC06F /* Build configuration list for PBXProject "Landmarks" */ = {
			isa = XCConfigurationList;
			buildConfigurations = (
				DA46E9BC231E64D300BFC06F /* Debug */,
				DA46E9BD231E64D300BFC06F /* Release */,
			);
			defaultConfigurationIsVisible = 0;
			defaultConfigurationName = Release;
		};
		DA46E9BE231E64D300BFC06F /* Build configuration list for PBXNativeTarget "Landmarks" */ = {
			isa = XCConfigurationList;
			buildConfigurations = (
				DA46E9BF231E64D300BFC06F /* Debug */,
				DA46E9C0231E64D300BFC06F /* Release */,
			);
			defaultConfigurationIsVisible = 0;
			defaultConfigurationName = Release;
		};
		DA46E9C1231E64D300BFC06F /* Build configuration list for PBXNativeTarget "LandmarksTests" */ = {
			isa = XCConfigurationList;
			buildConfigurations = (
				DA46E9C2231E64D300BFC06F /* Debug */,
				DA46E9C3231E64D300BFC06F /* Release */,
			);
			defaultConfigurationIsVisible = 0;
			defaultConfigurationName = Release;
		};
		DA46E9C4231E64D300BFC06F /* Build configuration list for PBXNativeTarget "LandmarksUITests" */ = {
			isa = XCConfigurationList;
			buildConfigurations = (
				DA46E9C5231E64D300BFC06F /* Debug */,
				DA46E9C6231E64D300BFC06F /* Release */,
			);
			defaultConfigurationIsVisible = 0;
			defaultConfigurationName = Release;
		};
/* End XCConfigurationList section */
	};
	rootObject = DA46E98C231E64D000BFC06F /* Project object */;
}
